
Microsoft Visual Studio Solution File, Format Version 12.00
# Visual Studio Version 17
VisualStudioVersion = 17.1.32421.90
MinimumVisualStudioVersion = 10.0.40219.1
Project("{9A19103F-16F7-4668-BE54-9A1E7A4F7556}") = "RandomOrgDotNet", "src\RandomOrgDotNet\RandomOrgDotNet.csproj", "{3EB6C65B-7F0A-4041-9576-1073F61A6658}"
EndProject
Project("{9A19103F-16F7-4668-BE54-9A1E7A4F7556}") = "example", "example\example.csproj", "{304CB577-E9C7-46C7-B2A5-B7FAAF738ADE}"
EndProject
Global
	GlobalSection(SolutionConfigurationPlatforms) = preSolution
		Debug|Any CPU = Debug|Any CPU
		Release|Any CPU = Release|Any CPU
	EndGlobalSection
	GlobalSection(ProjectConfigurationPlatforms) = postSolution
		{3EB6C65B-7F0A-4041-9576-1073F61A6658}.Debug|Any CPU.ActiveCfg = Debug|Any CPU
		{3EB6C65B-7F0A-4041-9576-1073F61A6658}.Debug|Any CPU.Build.0 = Debug|Any CPU
		{3EB6C65B-7F0A-4041-9576-1073F61A6658}.Release|Any CPU.ActiveCfg = Release|Any CPU
		{3EB6C65B-7F0A-4041-9576-1073F61A6658}.Release|Any CPU.Build.0 = Release|Any CPU
		{304CB577-E9C7-46C7-B2A5-B7FAAF738ADE}.Debug|Any CPU.ActiveCfg = Debug|Any CPU
		{304CB577-E9C7-46C7-B2A5-B7FAAF738ADE}.Debug|Any CPU.Build.0 = Debug|Any CPU
		{304CB577-E9C7-46C7-B2A5-B7FAAF738ADE}.Release|Any CPU.ActiveCfg = Release|Any CPU
		{304CB577-E9C7-46C7-B2A5-B7FAAF738ADE}.Release|Any CPU.Build.0 = Release|Any CPU
	EndGlobalSection
	GlobalSection(SolutionProperties) = preSolution
		HideSolutionNode = FALSE
	EndGlobalSection
	GlobalSection(ExtensibilityGlobals) = postSolution
		SolutionGuid = {0E97F5D5-813F-456A-8E14-75ABEC844633}
	EndGlobalSection
EndGlobal
